{
  "nodes": {
    "bson": {
      "inputs": {
        "flakeNimbleLib": [
          "madam-main",
          "tim",
          "flakeNimbleLib"
        ],
        "nixpkgs": [
          "madam-main",
          "tim",
          "nixpkgs"
        ],
        "src-bson-v1_1_2": "src-bson-v1_1_2"
      },
      "locked": {
        "dir": "v1_1_2",
        "lastModified": 1667334403,
        "narHash": "sha256-w8OFTq+5ELFADutG3bARSfhDt4OdI7DXK5Fjfy27oMw=",
        "owner": "nim-nix-pkgs",
        "repo": "bson",
        "rev": "7ba3ab0a48f683a11bb1085719f09340b9723e4e",
        "type": "github"
      },
      "original": {
        "dir": "v1_1_2",
        "owner": "nim-nix-pkgs",
        "ref": "master",
        "repo": "bson",
        "type": "github"
      }
    },
    "devshell": {
      "inputs": {
        "flake-utils": [
          "flakeNimbleLib",
          "dsf",
          "flake-utils"
        ],
        "nixpkgs": [
          "flakeNimbleLib",
          "dsf",
          "nixpkgs"
        ]
      },
      "locked": {
        "lastModified": 1663445644,
        "narHash": "sha256-+xVlcK60x7VY1vRJbNUEAHi17ZuoQxAIH4S4iUFUGBA=",
        "owner": "numtide",
        "repo": "devshell",
        "rev": "e3dc3e21594fe07bdb24bdf1c8657acaa4cb8f66",
        "type": "github"
      },
      "original": {
        "owner": "numtide",
        "repo": "devshell",
        "type": "github"
      }
    },
    "devshell_2": {
      "inputs": {
        "flake-utils": [
          "flakeNimbleLib",
          "gha",
          "dsf",
          "flake-utils"
        ],
        "nixpkgs": [
          "flakeNimbleLib",
          "gha",
          "dsf",
          "nixpkgs"
        ]
      },
      "locked": {
        "lastModified": 1654858401,
        "narHash": "sha256-53bw34DtVJ2bnF6WEwy6Tym+qY0pNEiEwARUlvmTZjs=",
        "owner": "numtide",
        "repo": "devshell",
        "rev": "f55e05c6d3bbe9acc7363bc8fc739518b2f02976",
        "type": "github"
      },
      "original": {
        "owner": "numtide",
        "repo": "devshell",
        "type": "github"
      }
    },
    "dsf": {
      "inputs": {
        "devshell": "devshell",
        "flake-utils": "flake-utils",
        "nixpkgs": [
          "flakeNimbleLib",
          "nixpkgs"
        ]
      },
      "locked": {
        "lastModified": 1667961864,
        "narHash": "sha256-ojDJFHwN9mM8+d0Ti8I0PElYX8uxixz9Ge/0yp5s7UQ=",
        "owner": "cruel-intentions",
        "repo": "devshell-files",
        "rev": "f4b2198a20025328eb9cf0ff4fa29c56a24fd9d3",
        "type": "github"
      },
      "original": {
        "owner": "cruel-intentions",
        "repo": "devshell-files",
        "type": "github"
      }
    },
    "dsf_2": {
      "inputs": {
        "devshell": "devshell_2",
        "flake-utils": "flake-utils_2",
        "nixpkgs": "nixpkgs"
      },
      "locked": {
        "lastModified": 1655015961,
        "narHash": "sha256-rLtp4QVUVf02JKNbEbcs7SuN5Q57YBUOAPJr5Exv/P8=",
        "owner": "cruel-intentions",
        "repo": "devshell-files",
        "rev": "6ebf0682a181fc512d0b710ea08acb9e38839fdb",
        "type": "github"
      },
      "original": {
        "owner": "cruel-intentions",
        "repo": "devshell-files",
        "type": "github"
      }
    },
    "flake-utils": {
      "locked": {
        "lastModified": 1659877975,
        "narHash": "sha256-zllb8aq3YO3h8B/U0/J1WBgAL8EX5yWf5pMj3G0NAmc=",
        "owner": "numtide",
        "repo": "flake-utils",
        "rev": "c0e246b9b83f637f4681389ecabcb2681b4f3af0",
        "type": "github"
      },
      "original": {
        "owner": "numtide",
        "repo": "flake-utils",
        "type": "github"
      }
    },
    "flake-utils_2": {
      "locked": {
        "lastModified": 1653893745,
        "narHash": "sha256-0jntwV3Z8//YwuOjzhV2sgJJPt+HY6KhU7VZUL0fKZQ=",
        "owner": "numtide",
        "repo": "flake-utils",
        "rev": "1ed9fb1935d260de5fe1c2f7ee0ebaae17ed2fa1",
        "type": "github"
      },
      "original": {
        "owner": "numtide",
        "repo": "flake-utils",
        "type": "github"
      }
    },
    "flakeNimbleLib": {
      "inputs": {
        "dsf": "dsf",
        "gha": "gha",
        "nixpkgs": [
          "nixpkgs"
        ]
      },
      "locked": {
        "lastModified": 1668435762,
        "narHash": "sha256-4ArhSbDGEh1HtB4tG0zoUvp7558CfxUklJcsLemSn2w=",
        "owner": "riinr",
        "repo": "nim-flakes-lib",
        "rev": "4bebe53096d189c04ac618fc3c108d8082391344",
        "type": "github"
      },
      "original": {
        "owner": "riinr",
        "ref": "master",
        "repo": "nim-flakes-lib",
        "type": "github"
      }
    },
    "gha": {
      "inputs": {
        "dsf": "dsf_2"
      },
      "locked": {
        "lastModified": 1655025633,
        "narHash": "sha256-QoKHywgljgnTEkkWL0POwqXhxWHkHI4IL6luWSJwYM8=",
        "owner": "cruel-intentions",
        "repo": "gh-actions",
        "rev": "122626d7591ba62d507b1eb22c9656613cfdb055",
        "type": "github"
      },
      "original": {
        "owner": "cruel-intentions",
        "repo": "gh-actions",
        "type": "github"
      }
    },
    "illwill": {
      "inputs": {
        "flakeNimbleLib": [
          "madam-main",
          "klymene",
          "flakeNimbleLib"
        ],
        "nixpkgs": [
          "madam-main",
          "klymene",
          "nixpkgs"
        ],
        "src-illwill-v0_3_0": "src-illwill-v0_3_0"
      },
      "locked": {
        "dir": "v0_3_0",
        "lastModified": 1662243248,
        "narHash": "sha256-FCvWeoCq+CGU/Zm3RO0oD58BNmryDuveu8an9MDbjyg=",
        "owner": "nim-nix-pkgs",
        "repo": "illwill",
        "rev": "bc44e321ebdec81f2c81528abaa839eeb804be54",
        "type": "github"
      },
      "original": {
        "dir": "v0_3_0",
        "owner": "nim-nix-pkgs",
        "ref": "master",
        "repo": "illwill",
        "type": "github"
      }
    },
    "klymene": {
      "inputs": {
        "flakeNimbleLib": [
          "madam-main",
          "flakeNimbleLib"
        ],
        "illwill": "illwill",
        "nixpkgs": [
          "madam-main",
          "nixpkgs"
        ],
        "regex": "regex",
        "src-klymene-main": "src-klymene-main",
        "unicodedb": "unicodedb_2"
      },
      "locked": {
        "dir": "main",
        "lastModified": 1667335956,
        "narHash": "sha256-leeNYs4OjZ5QSwhdxNLsp7RYO/bDuIANRDhk+e0W53E=",
        "owner": "nim-nix-pkgs",
        "repo": "klymene",
        "rev": "4300f524f9bb549dbc40de1e5ff7374f6889d295",
        "type": "github"
      },
      "original": {
        "dir": "main",
        "owner": "nim-nix-pkgs",
        "ref": "master",
        "repo": "klymene",
        "type": "github"
      }
    },
    "madam-main": {
      "inputs": {
        "flakeNimbleLib": [
          "flakeNimbleLib"
        ],
        "klymene": "klymene",
        "nixpkgs": [
          "nixpkgs"
        ],
        "nyml": "nyml",
        "src-madam-main": "src-madam-main",
        "tim": "tim"
      },
      "locked": {
        "dir": "main",
        "lastModified": 1667336182,
        "narHash": "sha256-SICYVyki2mw0QyI6PSZx3UT+8k5a6htOzXrctXgtZSc=",
        "owner": "nim-nix-pkgs",
        "repo": "madam",
        "rev": "1bd2c1a7e2b045b3ac49f57d8b420b5318ccdcf4",
        "type": "github"
      },
      "original": {
        "dir": "main",
        "owner": "nim-nix-pkgs",
        "ref": "master",
        "repo": "madam",
        "type": "github"
      }
    },
    "nixpkgs": {
      "locked": {
        "lastModified": 1653936696,
        "narHash": "sha256-M6bJShji9AIDZ7Kh7CPwPBPb/T7RiVev2PAcOi4fxDQ=",
        "owner": "nixos",
        "repo": "nixpkgs",
        "rev": "ce6aa13369b667ac2542593170993504932eb836",
        "type": "github"
      },
      "original": {
        "owner": "nixos",
        "ref": "22.05",
        "repo": "nixpkgs",
        "type": "github"
      }
    },
    "nixpkgs_2": {
      "locked": {
        "lastModified": 1668681245,
        "narHash": "sha256-IH8t+b9hCfNwEvdC55UEymn8jL457Fo/hx3N/kNTZso=",
        "owner": "NixOS",
        "repo": "nixpkgs",
        "rev": "bd4bfd814e96488febb38b4b4d0549c56b840c7f",
        "type": "github"
      },
      "original": {
        "id": "nixpkgs",
        "type": "indirect"
      }
    },
    "nyml": {
      "inputs": {
        "flakeNimbleLib": [
          "madam-main",
          "flakeNimbleLib"
        ],
        "nixpkgs": [
          "madam-main",
          "nixpkgs"
        ],
        "src-nyml-main": "src-nyml-main",
        "toktok": "toktok"
      },
      "locked": {
        "dir": "main",
        "lastModified": 1667335274,
        "narHash": "sha256-FkSSQLVA7Es/C5HmXI+jWirTG3xYcE25WSDuoWGldEs=",
        "owner": "nim-nix-pkgs",
        "repo": "nyml",
        "rev": "d637ea164c0210e0efedcf2f3934d5950995b2e8",
        "type": "github"
      },
      "original": {
        "dir": "main",
        "owner": "nim-nix-pkgs",
        "ref": "master",
        "repo": "nyml",
        "type": "github"
      }
    },
    "regex": {
      "inputs": {
        "flakeNimbleLib": [
          "madam-main",
          "klymene",
          "flakeNimbleLib"
        ],
        "nixpkgs": [
          "madam-main",
          "klymene",
          "nixpkgs"
        ],
        "src-regex-v0_20_0": "src-regex-v0_20_0",
        "unicodedb": "unicodedb"
      },
      "locked": {
        "dir": "v0_20_0",
        "lastModified": 1667335781,
        "narHash": "sha256-F8+HTS8qk2sDQwmKqYNgKm4Gni9s1EbKe3UffFT947U=",
        "owner": "nim-nix-pkgs",
        "repo": "regex",
        "rev": "c06767a0305e62be5ba93aada337c59aaf888ed8",
        "type": "github"
      },
      "original": {
        "dir": "v0_20_0",
        "owner": "nim-nix-pkgs",
        "ref": "master",
        "repo": "regex",
        "type": "github"
      }
    },
    "root": {
      "inputs": {
        "flakeNimbleLib": "flakeNimbleLib",
        "madam-main": "madam-main",
        "nixpkgs": "nixpkgs_2"
      }
    },
    "src-bson-v1_1_2": {
      "flake": false,
      "locked": {
        "lastModified": 1577302302,
        "narHash": "sha256-lk5G0RQoUBI6jVTP95ITXTWSBta8X36n8IfqiHyLDa4=",
        "owner": "JohnAD",
        "repo": "bson",
        "rev": "9d54157ee9f4a2860582c79f579a9ba7d15f9f59",
        "type": "github"
      },
      "original": {
        "owner": "JohnAD",
        "ref": "refs/tags/v1.1.2",
        "repo": "bson",
        "type": "github"
      }
    },
    "src-illwill-v0_3_0": {
      "flake": false,
      "locked": {
        "lastModified": 1651293333,
        "narHash": "sha256-9YBkad5iUKRb375caAuoYkfp5G6KQDhX/yXQ7vLu/CA=",
        "owner": "johnnovak",
        "repo": "illwill",
        "rev": "8b668f0d38acbffe1f9aacab8ba4f418bca5417c",
        "type": "github"
      },
      "original": {
        "owner": "johnnovak",
        "ref": "refs/tags/v0.3.0",
        "repo": "illwill",
        "type": "github"
      }
    },
    "src-klymene-main": {
      "flake": false,
      "locked": {
        "lastModified": 1650801039,
        "narHash": "sha256-4zj3FNJVBt5lfCcwW+qhj5KLkKKkp/qSP4SRbx69p2I=",
        "owner": "georgelemon",
        "repo": "clymene",
        "rev": "ea07d9bffb7d327cb2beece1cfe8b301decaf3c8",
        "type": "github"
      },
      "original": {
        "owner": "georgelemon",
        "ref": "refs/heads/main",
        "repo": "clymene",
        "type": "github"
      }
    },
    "src-madam-main": {
      "flake": false,
      "locked": {
        "lastModified": 1655031264,
        "narHash": "sha256-xYDbQ6UkCbqxxUnxMf/21Q5Q3m9YrC0U0qVgex1ZU8E=",
        "owner": "openpeep",
        "repo": "madam",
        "rev": "997ca6dca4a0e93594e00672c30a80e32518e883",
        "type": "github"
      },
      "original": {
        "owner": "openpeep",
        "ref": "refs/heads/main",
        "repo": "madam",
        "type": "github"
      }
    },
    "src-nyml-main": {
      "flake": false,
      "locked": {
        "lastModified": 1660656374,
        "narHash": "sha256-0vCepngn9mdVlJFvv7WWcmY9Dn1NgfxdRYo7jJONONc=",
        "owner": "openpeep",
        "repo": "nyml",
        "rev": "2294d086dd288c8230a54a8ef5d4db34a8ce1828",
        "type": "github"
      },
      "original": {
        "owner": "openpeep",
        "ref": "refs/heads/main",
        "repo": "nyml",
        "type": "github"
      }
    },
    "src-regex-v0_20_0": {
      "flake": false,
      "locked": {
        "lastModified": 1665390469,
        "narHash": "sha256-f7iMz/wc5Y/6Ylhc6FLmBsAiI3AVzdHy0rJNiypIfrU=",
        "owner": "nitely",
        "repo": "nim-regex",
        "rev": "ab98735539ddd8a1eaaa795fd2ca65293c1640b3",
        "type": "github"
      },
      "original": {
        "owner": "nitely",
        "ref": "refs/tags/v0.20.0",
        "repo": "nim-regex",
        "type": "github"
      }
    },
    "src-tim-main": {
      "flake": false,
      "locked": {
        "lastModified": 1661301180,
        "narHash": "sha256-wo7P+EKkoO02kNxNb27AudN7/x7PIla3q68lbwoaWps=",
        "owner": "openpeep",
        "repo": "tim",
        "rev": "b5b91905b46f602d5c9747a7b5e531c0bfb5a980",
        "type": "github"
      },
      "original": {
        "owner": "openpeep",
        "ref": "refs/heads/main",
        "repo": "tim",
        "type": "github"
      }
    },
    "src-toktok-main": {
      "flake": false,
      "locked": {
        "lastModified": 1661267239,
        "narHash": "sha256-9zDtRTdyZIlO6LHm5nKiTQfFc7GbjszRv2J9p5S1mDw=",
        "owner": "openpeep",
        "repo": "toktok",
        "rev": "ff6950f6f865cd5164bd17111af2916509183091",
        "type": "github"
      },
      "original": {
        "owner": "openpeep",
        "ref": "refs/heads/main",
        "repo": "toktok",
        "type": "github"
      }
    },
    "src-unicodedb-v0_10_0": {
      "flake": false,
      "locked": {
        "lastModified": 1635061637,
        "narHash": "sha256-qt2pyiGrvJXSes+E0eubx98mrF+jTudPD6hkUXjw0/4=",
        "owner": "nitely",
        "repo": "nim-unicodedb",
        "rev": "675407fa4b6e701ebf9f94e5370ce18c3af40cc3",
        "type": "github"
      },
      "original": {
        "owner": "nitely",
        "ref": "refs/tags/v0.10.0",
        "repo": "nim-unicodedb",
        "type": "github"
      }
    },
    "src-unicodedb-v0_10_0_2": {
      "flake": false,
      "locked": {
        "lastModified": 1635061637,
        "narHash": "sha256-qt2pyiGrvJXSes+E0eubx98mrF+jTudPD6hkUXjw0/4=",
        "owner": "nitely",
        "repo": "nim-unicodedb",
        "rev": "675407fa4b6e701ebf9f94e5370ce18c3af40cc3",
        "type": "github"
      },
      "original": {
        "owner": "nitely",
        "ref": "refs/tags/v0.10.0",
        "repo": "nim-unicodedb",
        "type": "github"
      }
    },
    "src-watchout-main": {
      "flake": false,
      "locked": {
        "lastModified": 1660247402,
        "narHash": "sha256-5pqfK4VhT7GjZW2BF+EDkavAr0dEtoSNlZ70ZQjMVoM=",
        "owner": "openpeep",
        "repo": "watchout",
        "rev": "6dcddcb55afe1cb7f46c155e0bf1378ddd4bc505",
        "type": "github"
      },
      "original": {
        "owner": "openpeep",
        "ref": "refs/heads/main",
        "repo": "watchout",
        "type": "github"
      }
    },
    "tim": {
      "inputs": {
        "bson": "bson",
        "flakeNimbleLib": [
          "madam-main",
          "flakeNimbleLib"
        ],
        "nixpkgs": [
          "madam-main",
          "nixpkgs"
        ],
        "src-tim-main": "src-tim-main",
        "watchout": "watchout"
      },
      "locked": {
        "dir": "main",
        "lastModified": 1667335476,
        "narHash": "sha256-Ecp2bNtvTDZNnP3N6zXqtOC6R1aOtA0QRyPILBCiRIk=",
        "owner": "nim-nix-pkgs",
        "repo": "tim",
        "rev": "eacf3011303eab8f4e14f47b1f81bc3298f3db8c",
        "type": "github"
      },
      "original": {
        "dir": "main",
        "owner": "nim-nix-pkgs",
        "ref": "master",
        "repo": "tim",
        "type": "github"
      }
    },
    "toktok": {
      "inputs": {
        "flakeNimbleLib": [
          "madam-main",
          "nyml",
          "flakeNimbleLib"
        ],
        "nixpkgs": [
          "madam-main",
          "nyml",
          "nixpkgs"
        ],
        "src-toktok-main": "src-toktok-main"
      },
      "locked": {
        "dir": "main",
        "lastModified": 1667334860,
        "narHash": "sha256-4BEUR2q7ZZlAVLKRC0YpSfxadNK6j4PcEYtyY9RrXp8=",
        "owner": "nim-nix-pkgs",
        "repo": "toktok",
        "rev": "8f865fe43e3231dbb0c8efe905a579c8d7c91d24",
        "type": "github"
      },
      "original": {
        "dir": "main",
        "owner": "nim-nix-pkgs",
        "ref": "master",
        "repo": "toktok",
        "type": "github"
      }
    },
    "unicodedb": {
      "inputs": {
        "flakeNimbleLib": [
          "madam-main",
          "klymene",
          "regex",
          "flakeNimbleLib"
        ],
        "nixpkgs": [
          "madam-main",
          "klymene",
          "regex",
          "nixpkgs"
        ],
        "src-unicodedb-v0_10_0": "src-unicodedb-v0_10_0"
      },
      "locked": {
        "dir": "v0_10_0",
        "lastModified": 1667330002,
        "narHash": "sha256-l7c5ipBROg38RqwRiFEURBJa+ggkpX/wT8lISrOvkpA=",
        "owner": "nim-nix-pkgs",
        "repo": "unicodedb",
        "rev": "cfa7e3d68b13ac8316fbdaafa8a9ddda76b528ab",
        "type": "github"
      },
      "original": {
        "dir": "v0_10_0",
        "owner": "nim-nix-pkgs",
        "ref": "master",
        "repo": "unicodedb",
        "type": "github"
      }
    },
    "unicodedb_2": {
      "inputs": {
        "flakeNimbleLib": [
          "madam-main",
          "klymene",
          "flakeNimbleLib"
        ],
        "nixpkgs": [
          "madam-main",
          "klymene",
          "nixpkgs"
        ],
        "src-unicodedb-v0_10_0": "src-unicodedb-v0_10_0_2"
      },
      "locked": {
        "dir": "v0_10_0",
        "lastModified": 1667334867,
        "narHash": "sha256-GI6/fLdAC2XVN4j/eH61RLvrhtap/OEusy1jM3cjSzo=",
        "owner": "nim-nix-pkgs",
        "repo": "unicodedb",
        "rev": "c23721c7f92f5cefd540a579ac63c6e0c02aaf7b",
        "type": "github"
      },
      "original": {
        "dir": "v0_10_0",
        "owner": "nim-nix-pkgs",
        "ref": "master",
        "repo": "unicodedb",
        "type": "github"
      }
    },
    "watchout": {
      "inputs": {
        "flakeNimbleLib": [
          "madam-main",
          "tim",
          "flakeNimbleLib"
        ],
        "nixpkgs": [
          "madam-main",
          "tim",
          "nixpkgs"
        ],
        "src-watchout-main": "src-watchout-main"
      },
      "locked": {
        "dir": "main",
        "lastModified": 1667334887,
        "narHash": "sha256-N56npEb1fkKvpJ5JV07ZRXNmXYEO+nCIW5tn1qqT5Sw=",
        "owner": "nim-nix-pkgs",
        "repo": "watchout",
        "rev": "0fcd2ae6c8e50e19a7095a24fd24a5f9ffcc7e99",
        "type": "github"
      },
      "original": {
        "dir": "main",
        "owner": "nim-nix-pkgs",
        "ref": "master",
        "repo": "watchout",
        "type": "github"
      }
    }
  },
  "root": "root",
  "version": 7
}
