{
  "nodes": {
    "bson": {
      "inputs": {
        "flakeNimbleLib": [
          "tim",
          "tim-main",
          "flakeNimbleLib"
        ],
        "nixpkgs": [
          "tim",
          "tim-main",
          "nixpkgs"
        ],
        "src-bson-v1_1_2": "src-bson-v1_1_2"
      },
      "locked": {
        "dir": "v1_1_2",
        "lastModified": 1648107330,
        "narHash": "sha256-GPmV9TrEDIRRLUATLs87pAZ/6BFpxxjgQ8h1AiyIUTI=",
        "owner": "nim-nix-pkgs",
        "repo": "bson",
        "rev": "ee5126b40283bdd62ee102edd3968d81bcb8a96c",
        "type": "github"
      },
      "original": {
        "dir": "v1_1_2",
        "owner": "nim-nix-pkgs",
        "ref": "master",
        "repo": "bson",
        "type": "github"
      }
    },
    "flakeNimbleLib": {
      "inputs": {
        "nixpkgs": [
          "nixpkgs"
        ]
      },
      "locked": {
        "lastModified": 1648105061,
        "narHash": "sha256-Je25qNlH4xrH3+m6vIq6yPvdfQ80FRTwX4JOhrRLduc=",
        "owner": "riinr",
        "repo": "nim-flakes-lib",
        "rev": "f1ec5e2f15b9f717c33b6942ce7cb344ff868522",
        "type": "github"
      },
      "original": {
        "owner": "riinr",
        "ref": "master",
        "repo": "nim-flakes-lib",
        "type": "github"
      }
    },
    "illwill": {
      "inputs": {
        "flakeNimbleLib": [
          "klymene",
          "klymene-main",
          "flakeNimbleLib"
        ],
        "nixpkgs": [
          "klymene",
          "klymene-main",
          "nixpkgs"
        ],
        "src-illwill-v0_2_0": "src-illwill-v0_2_0"
      },
      "locked": {
        "dir": "v0_2_0",
        "lastModified": 1648081131,
        "narHash": "sha256-asBbc8U2dPlHTV9up9hYM8rHhC3sr55UenSB/ecZg3s=",
        "owner": "nim-nix-pkgs",
        "repo": "illwill",
        "rev": "49f786dd64b44a8c8c3375d1ec252aeccacaca39",
        "type": "github"
      },
      "original": {
        "dir": "v0_2_0",
        "owner": "nim-nix-pkgs",
        "ref": "master",
        "repo": "illwill",
        "type": "github"
      }
    },
    "klymene": {
      "inputs": {
        "flakeNimbleLib": [
          "flakeNimbleLib"
        ],
        "klymene-main": "klymene-main",
        "nixpkgs": [
          "nixpkgs"
        ]
      },
      "locked": {
        "lastModified": 1648154051,
        "narHash": "sha256-dksawhkccNzxeIz6K3Krg5vni3/cIVlfZpzHFy1siX4=",
        "owner": "nim-nix-pkgs",
        "repo": "klymene",
        "rev": "7a49af573c49db80d7e5198440790f6b77e55266",
        "type": "github"
      },
      "original": {
        "owner": "nim-nix-pkgs",
        "ref": "master",
        "repo": "klymene",
        "type": "github"
      }
    },
    "klymene-main": {
      "inputs": {
        "flakeNimbleLib": [
          "klymene",
          "flakeNimbleLib"
        ],
        "illwill": "illwill",
        "nixpkgs": [
          "klymene",
          "nixpkgs"
        ],
        "regex": "regex",
        "src-klymene-main": "src-klymene-main",
        "unicodedb": "unicodedb_2"
      },
      "locked": {
        "dir": "main",
        "lastModified": 1648154051,
        "narHash": "sha256-dksawhkccNzxeIz6K3Krg5vni3/cIVlfZpzHFy1siX4=",
        "owner": "nim-nix-pkgs",
        "repo": "klymene",
        "rev": "7a49af573c49db80d7e5198440790f6b77e55266",
        "type": "github"
      },
      "original": {
        "dir": "main",
        "owner": "nim-nix-pkgs",
        "ref": "master",
        "repo": "klymene",
        "type": "github"
      }
    },
    "nixpkgs": {
      "locked": {
        "narHash": "sha256-sK1Ow//80EKE3bAF5d+2gB8vPXw6m5TBk3wSLHvdVe0=",
        "path": "/nix/store/0yqgkbpmsk7ck4s34wk505sfdd9vils4-source",
        "type": "path"
      },
      "original": {
        "id": "nixpkgs",
        "type": "indirect"
      }
    },
    "nyml": {
      "inputs": {
        "flakeNimbleLib": [
          "flakeNimbleLib"
        ],
        "nixpkgs": [
          "nixpkgs"
        ],
        "nyml-main": "nyml-main"
      },
      "locked": {
        "lastModified": 1648110261,
        "narHash": "sha256-SmYwqWS8FC14cwKJaYvXJk7PbA1VVC+ByeTgt74dIJI=",
        "owner": "nim-nix-pkgs",
        "repo": "nyml",
        "rev": "35004d44ecc98300a52e23b77c5029ff794e49d7",
        "type": "github"
      },
      "original": {
        "owner": "nim-nix-pkgs",
        "ref": "master",
        "repo": "nyml",
        "type": "github"
      }
    },
    "nyml-main": {
      "inputs": {
        "flakeNimbleLib": [
          "nyml",
          "flakeNimbleLib"
        ],
        "nixpkgs": [
          "nyml",
          "nixpkgs"
        ],
        "src-nyml-main": "src-nyml-main",
        "toktok": "toktok"
      },
      "locked": {
        "dir": "main",
        "lastModified": 1648110261,
        "narHash": "sha256-SmYwqWS8FC14cwKJaYvXJk7PbA1VVC+ByeTgt74dIJI=",
        "owner": "nim-nix-pkgs",
        "repo": "nyml",
        "rev": "35004d44ecc98300a52e23b77c5029ff794e49d7",
        "type": "github"
      },
      "original": {
        "dir": "main",
        "owner": "nim-nix-pkgs",
        "ref": "master",
        "repo": "nyml",
        "type": "github"
      }
    },
    "regex": {
      "inputs": {
        "flakeNimbleLib": [
          "klymene",
          "klymene-main",
          "flakeNimbleLib"
        ],
        "nixpkgs": [
          "klymene",
          "klymene-main",
          "nixpkgs"
        ],
        "src-regex-v0_19_0": "src-regex-v0_19_0",
        "unicodedb": "unicodedb"
      },
      "locked": {
        "dir": "v0_19_0",
        "lastModified": 1648111608,
        "narHash": "sha256-vSuEUzj1gJ0A+rWh/iAOEfWOlsdZlMVDmd6U2kKqLPw=",
        "owner": "nim-nix-pkgs",
        "repo": "regex",
        "rev": "75c17743dc9a18a29dd0005645c3596f5b0378f0",
        "type": "github"
      },
      "original": {
        "dir": "v0_19_0",
        "owner": "nim-nix-pkgs",
        "ref": "master",
        "repo": "regex",
        "type": "github"
      }
    },
    "root": {
      "inputs": {
        "flakeNimbleLib": "flakeNimbleLib",
        "klymene": "klymene",
        "nixpkgs": "nixpkgs",
        "nyml": "nyml",
        "src-madam-main": "src-madam-main",
        "tim": "tim"
      }
    },
    "src-bson-v1_1_2": {
      "flake": false,
      "locked": {
        "lastModified": 1577302302,
        "narHash": "sha256-lk5G0RQoUBI6jVTP95ITXTWSBta8X36n8IfqiHyLDa4=",
        "owner": "JohnAD",
        "repo": "bson",
        "rev": "9d54157ee9f4a2860582c79f579a9ba7d15f9f59",
        "type": "github"
      },
      "original": {
        "owner": "JohnAD",
        "ref": "refs/tags/v1.1.2",
        "repo": "bson",
        "type": "github"
      }
    },
    "src-illwill-v0_2_0": {
      "flake": false,
      "locked": {
        "lastModified": 1582410083,
        "narHash": "sha256-7HtIEUQUB76HQbqE44A4PsxOqwHowqNWc/pRQk2OnUw=",
        "owner": "johnnovak",
        "repo": "illwill",
        "rev": "fe6f670c0cac93d525b4fe0b4430f89e4d616d48",
        "type": "github"
      },
      "original": {
        "owner": "johnnovak",
        "ref": "refs/tags/v0.2.0",
        "repo": "illwill",
        "type": "github"
      }
    },
    "src-klymene-main": {
      "flake": false,
      "locked": {
        "lastModified": 1644558177,
        "narHash": "sha256-Odw4vNNgRzrtbecRKTpe+dC4uJ5VxHAiMaN8pGAYY+Q=",
        "owner": "georgelemon",
        "repo": "clymene",
        "rev": "13b2c884a2c5b28bacd0dd1fec5aed5cc94aaafa",
        "type": "github"
      },
      "original": {
        "owner": "georgelemon",
        "ref": "refs/heads/main",
        "repo": "clymene",
        "type": "github"
      }
    },
    "src-madam-main": {
      "flake": false,
      "locked": {
        "lastModified": 1645124321,
        "narHash": "sha256-MfEEDzR2t9oGaG4DilFHX8/D1dt42CuavOBM0459pTY=",
        "owner": "openpeep",
        "repo": "madam",
        "rev": "162732d7b8f8dd85d435f9510688252bccd49983",
        "type": "github"
      },
      "original": {
        "owner": "openpeep",
        "ref": "refs/heads/main",
        "repo": "madam",
        "type": "github"
      }
    },
    "src-nyml-main": {
      "flake": false,
      "locked": {
        "lastModified": 1647032662,
        "narHash": "sha256-yzL1iBPp/y/hVxBY/7d5paL0rAqfjmoWskxQMhFfYHc=",
        "owner": "openpeep",
        "repo": "nyml",
        "rev": "58c6500d4f59255cfc2f1ac2b33630f8ea0fd529",
        "type": "github"
      },
      "original": {
        "owner": "openpeep",
        "ref": "refs/heads/main",
        "repo": "nyml",
        "type": "github"
      }
    },
    "src-regex-v0_19_0": {
      "flake": false,
      "locked": {
        "lastModified": 1610386681,
        "narHash": "sha256-wam5El/S2N24zrbhw+Jo1Flkw8udrcTNu/v6QEl7KYE=",
        "owner": "nitely",
        "repo": "nim-regex",
        "rev": "b10d4b87dae0c50ebae00bdceacf55502573979f",
        "type": "github"
      },
      "original": {
        "owner": "nitely",
        "ref": "refs/tags/v0.19.0",
        "repo": "nim-regex",
        "type": "github"
      }
    },
    "src-tim-main": {
      "flake": false,
      "locked": {
        "lastModified": 1647883960,
        "narHash": "sha256-7ARzKoaMfpLWbOxct4iBHb04PHRyWfVkTY6C69D6uFw=",
        "owner": "openpeep",
        "repo": "tim",
        "rev": "dccf97afeddc0079dda3a56156a334bb679ab908",
        "type": "github"
      },
      "original": {
        "owner": "openpeep",
        "ref": "refs/heads/main",
        "repo": "tim",
        "type": "github"
      }
    },
    "src-toktok-main": {
      "flake": false,
      "locked": {
        "lastModified": 1646247792,
        "narHash": "sha256-lvbKKY7SfG0+kDAh0O+yFXMJwg/SErJ7/4O/LXpTEjw=",
        "owner": "openpeep",
        "repo": "toktok",
        "rev": "d56145e0fcb328ea20a97bce1b99fcaad447d876",
        "type": "github"
      },
      "original": {
        "owner": "openpeep",
        "ref": "refs/heads/main",
        "repo": "toktok",
        "type": "github"
      }
    },
    "src-unicodedb-v0_10_0": {
      "flake": false,
      "locked": {
        "lastModified": 1635061637,
        "narHash": "sha256-qt2pyiGrvJXSes+E0eubx98mrF+jTudPD6hkUXjw0/4=",
        "owner": "nitely",
        "repo": "nim-unicodedb",
        "rev": "675407fa4b6e701ebf9f94e5370ce18c3af40cc3",
        "type": "github"
      },
      "original": {
        "owner": "nitely",
        "ref": "refs/tags/v0.10.0",
        "repo": "nim-unicodedb",
        "type": "github"
      }
    },
    "src-unicodedb-v0_10_0_2": {
      "flake": false,
      "locked": {
        "lastModified": 1635061637,
        "narHash": "sha256-qt2pyiGrvJXSes+E0eubx98mrF+jTudPD6hkUXjw0/4=",
        "owner": "nitely",
        "repo": "nim-unicodedb",
        "rev": "675407fa4b6e701ebf9f94e5370ce18c3af40cc3",
        "type": "github"
      },
      "original": {
        "owner": "nitely",
        "ref": "refs/tags/v0.10.0",
        "repo": "nim-unicodedb",
        "type": "github"
      }
    },
    "src-watchout-main": {
      "flake": false,
      "locked": {
        "lastModified": 1644763932,
        "narHash": "sha256-+Gwjplaz3dRVTUFZUiU2hF4T62uzf4oBX9cGhJAj1N0=",
        "owner": "openpeep",
        "repo": "watchout",
        "rev": "a4665453872682af2f610573e486758d8a8b1fbd",
        "type": "github"
      },
      "original": {
        "owner": "openpeep",
        "ref": "refs/heads/main",
        "repo": "watchout",
        "type": "github"
      }
    },
    "tim": {
      "inputs": {
        "flakeNimbleLib": [
          "flakeNimbleLib"
        ],
        "nixpkgs": [
          "nixpkgs"
        ],
        "tim-main": "tim-main"
      },
      "locked": {
        "lastModified": 1648110697,
        "narHash": "sha256-7EJ6Xz0BVaQgWFcmxu4JRdGX/f/CQHCf8X9YXZneoeg=",
        "owner": "nim-nix-pkgs",
        "repo": "tim",
        "rev": "9a522d58d597dbb94fef150a27c6bc1e6a0d2ffa",
        "type": "github"
      },
      "original": {
        "owner": "nim-nix-pkgs",
        "ref": "master",
        "repo": "tim",
        "type": "github"
      }
    },
    "tim-main": {
      "inputs": {
        "bson": "bson",
        "flakeNimbleLib": [
          "tim",
          "flakeNimbleLib"
        ],
        "nixpkgs": [
          "tim",
          "nixpkgs"
        ],
        "src-tim-main": "src-tim-main",
        "watchout": "watchout"
      },
      "locked": {
        "dir": "main",
        "lastModified": 1648110697,
        "narHash": "sha256-7EJ6Xz0BVaQgWFcmxu4JRdGX/f/CQHCf8X9YXZneoeg=",
        "owner": "nim-nix-pkgs",
        "repo": "tim",
        "rev": "9a522d58d597dbb94fef150a27c6bc1e6a0d2ffa",
        "type": "github"
      },
      "original": {
        "dir": "main",
        "owner": "nim-nix-pkgs",
        "ref": "master",
        "repo": "tim",
        "type": "github"
      }
    },
    "toktok": {
      "inputs": {
        "flakeNimbleLib": [
          "nyml",
          "nyml-main",
          "flakeNimbleLib"
        ],
        "nixpkgs": [
          "nyml",
          "nyml-main",
          "nixpkgs"
        ],
        "toktok-main": "toktok-main"
      },
      "locked": {
        "lastModified": 1648108183,
        "narHash": "sha256-mJP6+gg4mAl+LcfUgwo5iJDpEs4xrMar3PpOhbepNDs=",
        "owner": "nim-nix-pkgs",
        "repo": "toktok",
        "rev": "acb17617bdf497f0f8c6051f7b576dcb3e5fb6db",
        "type": "github"
      },
      "original": {
        "owner": "nim-nix-pkgs",
        "ref": "master",
        "repo": "toktok",
        "type": "github"
      }
    },
    "toktok-main": {
      "inputs": {
        "flakeNimbleLib": [
          "nyml",
          "nyml-main",
          "toktok",
          "flakeNimbleLib"
        ],
        "nixpkgs": [
          "nyml",
          "nyml-main",
          "toktok",
          "nixpkgs"
        ],
        "src-toktok-main": "src-toktok-main"
      },
      "locked": {
        "dir": "main",
        "lastModified": 1648108183,
        "narHash": "sha256-mJP6+gg4mAl+LcfUgwo5iJDpEs4xrMar3PpOhbepNDs=",
        "owner": "nim-nix-pkgs",
        "repo": "toktok",
        "rev": "acb17617bdf497f0f8c6051f7b576dcb3e5fb6db",
        "type": "github"
      },
      "original": {
        "dir": "main",
        "owner": "nim-nix-pkgs",
        "ref": "master",
        "repo": "toktok",
        "type": "github"
      }
    },
    "unicodedb": {
      "inputs": {
        "flakeNimbleLib": [
          "klymene",
          "klymene-main",
          "regex",
          "flakeNimbleLib"
        ],
        "nixpkgs": [
          "klymene",
          "klymene-main",
          "regex",
          "nixpkgs"
        ],
        "src-unicodedb-v0_10_0": "src-unicodedb-v0_10_0"
      },
      "locked": {
        "dir": "v0_10_0",
        "lastModified": 1648108194,
        "narHash": "sha256-jab8i6RK0RLeIOojEIXzvrJsVTfpk26NxJZKvUpmpP0=",
        "owner": "nim-nix-pkgs",
        "repo": "unicodedb",
        "rev": "abe4065681b54824cae758a3c81ca37895078ee7",
        "type": "github"
      },
      "original": {
        "dir": "v0_10_0",
        "owner": "nim-nix-pkgs",
        "ref": "master",
        "repo": "unicodedb",
        "type": "github"
      }
    },
    "unicodedb_2": {
      "inputs": {
        "flakeNimbleLib": [
          "klymene",
          "klymene-main",
          "flakeNimbleLib"
        ],
        "nixpkgs": [
          "klymene",
          "klymene-main",
          "nixpkgs"
        ],
        "src-unicodedb-v0_10_0": "src-unicodedb-v0_10_0_2"
      },
      "locked": {
        "dir": "v0_10_0",
        "lastModified": 1648108194,
        "narHash": "sha256-jab8i6RK0RLeIOojEIXzvrJsVTfpk26NxJZKvUpmpP0=",
        "owner": "nim-nix-pkgs",
        "repo": "unicodedb",
        "rev": "abe4065681b54824cae758a3c81ca37895078ee7",
        "type": "github"
      },
      "original": {
        "dir": "v0_10_0",
        "owner": "nim-nix-pkgs",
        "ref": "master",
        "repo": "unicodedb",
        "type": "github"
      }
    },
    "watchout": {
      "inputs": {
        "flakeNimbleLib": [
          "tim",
          "tim-main",
          "flakeNimbleLib"
        ],
        "nixpkgs": [
          "tim",
          "tim-main",
          "nixpkgs"
        ],
        "watchout-main": "watchout-main"
      },
      "locked": {
        "lastModified": 1648108225,
        "narHash": "sha256-M65j7dvqv6mM+qGxTWHgqZK892wAoIkT++TZ9xzn5TY=",
        "owner": "nim-nix-pkgs",
        "repo": "watchout",
        "rev": "be2a48fcf01c801f8ecd899939f056bbd31a0c25",
        "type": "github"
      },
      "original": {
        "owner": "nim-nix-pkgs",
        "ref": "master",
        "repo": "watchout",
        "type": "github"
      }
    },
    "watchout-main": {
      "inputs": {
        "flakeNimbleLib": [
          "tim",
          "tim-main",
          "watchout",
          "flakeNimbleLib"
        ],
        "nixpkgs": [
          "tim",
          "tim-main",
          "watchout",
          "nixpkgs"
        ],
        "src-watchout-main": "src-watchout-main"
      },
      "locked": {
        "dir": "main",
        "lastModified": 1648108225,
        "narHash": "sha256-M65j7dvqv6mM+qGxTWHgqZK892wAoIkT++TZ9xzn5TY=",
        "owner": "nim-nix-pkgs",
        "repo": "watchout",
        "rev": "be2a48fcf01c801f8ecd899939f056bbd31a0c25",
        "type": "github"
      },
      "original": {
        "dir": "main",
        "owner": "nim-nix-pkgs",
        "ref": "master",
        "repo": "watchout",
        "type": "github"
      }
    }
  },
  "root": "root",
  "version": 7
}
